
Microsoft Visual Studio Solution File, Format Version 12.00
# Visual Studio 15
VisualStudioVersion = 15.0.28010.2026
MinimumVisualStudioVersion = 10.0.40219.1
Project("{8BC9CEB8-8B4A-11D0-8D11-00A0C91BC942}") = "Project1", "Project1\Project1.vcxproj", "{FC221A6C-8A5E-4562-8E0E-9D11F1322B51}"
EndProject
Global
	GlobalSection(SolutionConfigurationPlatforms) = preSolution
		Debug|x64 = Debug|x64
		Debug|x86 = Debug|x86
		Release|x64 = Release|x64
		Release|x86 = Release|x86
	EndGlobalSection
	GlobalSection(ProjectConfigurationPlatforms) = postSolution
		{FC221A6C-8A5E-4562-8E0E-9D11F1322B51}.Debug|x64.ActiveCfg = Debug|x64
		{FC221A6C-8A5E-4562-8E0E-9D11F1322B51}.Debug|x64.Build.0 = Debug|x64
		{FC221A6C-8A5E-4562-8E0E-9D11F1322B51}.Debug|x86.ActiveCfg = Debug|Win32
		{FC221A6C-8A5E-4562-8E0E-9D11F1322B51}.Debug|x86.Build.0 = Debug|Win32
		{FC221A6C-8A5E-4562-8E0E-9D11F1322B51}.Release|x64.ActiveCfg = Release|x64
		{FC221A6C-8A5E-4562-8E0E-9D11F1322B51}.Release|x64.Build.0 = Release|x64
		{FC221A6C-8A5E-4562-8E0E-9D11F1322B51}.Release|x86.ActiveCfg = Release|Win32
		{FC221A6C-8A5E-4562-8E0E-9D11F1322B51}.Release|x86.Build.0 = Release|Win32
	EndGlobalSection
	GlobalSection(SolutionProperties) = preSolution
		HideSolutionNode = FALSE
	EndGlobalSection
	GlobalSection(ExtensibilityGlobals) = postSolution
		SolutionGuid = {2B7ED468-DEDC-4135-9832-E73E3FA9A980}
	EndGlobalSection
EndGlobal
